// !$*UTF8*$!
{
	archiveVersion = 1;
	classes = {
	};
	objectVersion = 46;
	objects = {

/* Begin PBXBuildFile section */
		A99E6FE41EA9E68300F555C5 /* AppDelegate.swift in Sources */ = {isa = PBXBuildFile; fileRef = A99E6FE31EA9E68300F555C5 /* AppDelegate.swift */; };
		A99E6FE61EA9E68300F555C5 /* ViewController.swift in Sources */ = {isa = PBXBuildFile; fileRef = A99E6FE51EA9E68300F555C5 /* ViewController.swift */; };
		A99E6FE91EA9E68300F555C5 /* Main.storyboard in Resources */ = {isa = PBXBuildFile; fileRef = A99E6FE71EA9E68300F555C5 /* Main.storyboard */; };
		A99E6FEB1EA9E68300F555C5 /* Assets.xcassets in Resources */ = {isa = PBXBuildFile; fileRef = A99E6FEA1EA9E68300F555C5 /* Assets.xcassets */; };
		A99E6FEE1EA9E68300F555C5 /* LaunchScreen.storyboard in Resources */ = {isa = PBXBuildFile; fileRef = A99E6FEC1EA9E68300F555C5 /* LaunchScreen.storyboard */; };
		A99E6FF81EA9E92600F555C5 /* abcViewController.m in Sources */ = {isa = PBXBuildFile; fileRef = A99E6FF71EA9E92600F555C5 /* abcViewController.m */; };
		D633ABFAD0B71A15FD1F699F /* Pods_DemoQB.framework in Frameworks */ = {isa = PBXBuildFile; fileRef = C674CA4ED19F71B2E232C5F2 /* Pods_DemoQB.framework */; };
/* End PBXBuildFile section */

/* Begin PBXFileReference section */
		833C0F12E3139E9EF967F498 /* Pods-DemoQB.release.xcconfig */ = {isa = PBXFileReference; includeInIndex = 1; lastKnownFileType = text.xcconfig; name = "Pods-DemoQB.release.xcconfig"; path = "Pods/Target Support Files/Pods-DemoQB/Pods-DemoQB.release.xcconfig"; sourceTree = "<group>"; };
		A99E6FE01EA9E68300F555C5 /* DemoQB.app */ = {isa = PBXFileReference; explicitFileType = wrapper.application; includeInIndex = 0; path = DemoQB.app; sourceTree = BUILT_PRODUCTS_DIR; };
		A99E6FE31EA9E68300F555C5 /* AppDelegate.swift */ = {isa = PBXFileReference; lastKnownFileType = sourcecode.swift; path = AppDelegate.swift; sourceTree = "<group>"; };
		A99E6FE51EA9E68300F555C5 /* ViewController.swift */ = {isa = PBXFileReference; lastKnownFileType = sourcecode.swift; path = ViewController.swift; sourceTree = "<group>"; };
		A99E6FE81EA9E68300F555C5 /* Base */ = {isa = PBXFileReference; lastKnownFileType = file.storyboard; name = Base; path = Base.lproj/Main.storyboard; sourceTree = "<group>"; };
		A99E6FEA1EA9E68300F555C5 /* Assets.xcassets */ = {isa = PBXFileReference; lastKnownFileType = folder.assetcatalog; path = Assets.xcassets; sourceTree = "<group>"; };
		A99E6FED1EA9E68300F555C5 /* Base */ = {isa = PBXFileReference; lastKnownFileType = file.storyboard; name = Base; path = Base.lproj/LaunchScreen.storyboard; sourceTree = "<group>"; };
		A99E6FEF1EA9E68300F555C5 /* Info.plist */ = {isa = PBXFileReference; lastKnownFileType = text.plist.xml; path = Info.plist; sourceTree = "<group>"; };
		A99E6FF51EA9E92600F555C5 /* DemoQB-Bridging-Header.h */ = {isa = PBXFileReference; lastKnownFileType = sourcecode.c.h; path = "DemoQB-Bridging-Header.h"; sourceTree = "<group>"; };
		A99E6FF61EA9E92600F555C5 /* abcViewController.h */ = {isa = PBXFileReference; fileEncoding = 4; lastKnownFileType = sourcecode.c.h; path = abcViewController.h; sourceTree = "<group>"; };
		A99E6FF71EA9E92600F555C5 /* abcViewController.m */ = {isa = PBXFileReference; fileEncoding = 4; lastKnownFileType = sourcecode.c.objc; path = abcViewController.m; sourceTree = "<group>"; };
		C674CA4ED19F71B2E232C5F2 /* Pods_DemoQB.framework */ = {isa = PBXFileReference; explicitFileType = wrapper.framework; includeInIndex = 0; path = Pods_DemoQB.framework; sourceTree = BUILT_PRODUCTS_DIR; };
		E664703287182F0D724E5191 /* Pods-DemoQB.debug.xcconfig */ = {isa = PBXFileReference; includeInIndex = 1; lastKnownFileType = text.xcconfig; name = "Pods-DemoQB.debug.xcconfig"; path = "Pods/Target Support Files/Pods-DemoQB/Pods-DemoQB.debug.xcconfig"; sourceTree = "<group>"; };
/* End PBXFileReference section */

/* Begin PBXFrameworksBuildPhase section */
		A99E6FDD1EA9E68300F555C5 /* Frameworks */ = {
			isa = PBXFrameworksBuildPhase;
			buildActionMask = 2147483647;
			files = (
				D633ABFAD0B71A15FD1F699F /* Pods_DemoQB.framework in Frameworks */,
			);
			runOnlyForDeploymentPostprocessing = 0;
		};
/* End PBXFrameworksBuildPhase section */

/* Begin PBXGroup section */
		A99E6FD71EA9E68300F555C5 = {
			isa = PBXGroup;
			children = (
				A99E6FE21EA9E68300F555C5 /* DemoQB */,
				A99E6FE11EA9E68300F555C5 /* Products */,
				BC0B2A0835F66D4B2E93F464 /* Pods */,
				B46EE62A90AAA30B5BA2485F /* Frameworks */,
			);
			sourceTree = "<group>";
		};
		A99E6FE11EA9E68300F555C5 /* Products */ = {
			isa = PBXGroup;
			children = (
				A99E6FE01EA9E68300F555C5 /* DemoQB.app */,
			);
			name = Products;
			sourceTree = "<group>";
		};
		A99E6FE21EA9E68300F555C5 /* DemoQB */ = {
			isa = PBXGroup;
			children = (
				A99E6FE31EA9E68300F555C5 /* AppDelegate.swift */,
				A99E6FE51EA9E68300F555C5 /* ViewController.swift */,
				A99E6FE71EA9E68300F555C5 /* Main.storyboard */,
				A99E6FEA1EA9E68300F555C5 /* Assets.xcassets */,
				A99E6FEC1EA9E68300F555C5 /* LaunchScreen.storyboard */,
				A99E6FEF1EA9E68300F555C5 /* Info.plist */,
				A99E6FF61EA9E92600F555C5 /* abcViewController.h */,
				A99E6FF71EA9E92600F555C5 /* abcViewController.m */,
				A99E6FF51EA9E92600F555C5 /* DemoQB-Bridging-Header.h */,
			);
			path = DemoQB;
			sourceTree = "<group>";
		};
		B46EE62A90AAA30B5BA2485F /* Frameworks */ = {
			isa = PBXGroup;
			children = (
				C674CA4ED19F71B2E232C5F2 /* Pods_DemoQB.framework */,
			);
			name = Frameworks;
			sourceTree = "<group>";
		};
		BC0B2A0835F66D4B2E93F464 /* Pods */ = {
			isa = PBXGroup;
			children = (
				E664703287182F0D724E5191 /* Pods-DemoQB.debug.xcconfig */,
				833C0F12E3139E9EF967F498 /* Pods-DemoQB.release.xcconfig */,
			);
			name = Pods;
			sourceTree = "<group>";
		};
/* End PBXGroup section */

/* Begin PBXNativeTarget section */
		A99E6FDF1EA9E68300F555C5 /* DemoQB */ = {
			isa = PBXNativeTarget;
			buildConfigurationList = A99E6FF21EA9E68300F555C5 /* Build configuration list for PBXNativeTarget "DemoQB" */;
			buildPhases = (
				1FA26EF75432E66038BFCC96 /* [CP] Check Pods Manifest.lock */,
				A99E6FDC1EA9E68300F555C5 /* Sources */,
				A99E6FDD1EA9E68300F555C5 /* Frameworks */,
				A99E6FDE1EA9E68300F555C5 /* Resources */,
				032D7EA7D90CF15C5B415DC4 /* [CP] Embed Pods Frameworks */,
				42AB49C6B707C87AD66AFA58 /* [CP] Copy Pods Resources */,
			);
			buildRules = (
			);
			dependencies = (
			);
			name = DemoQB;
			productName = DemoQB;
			productReference = A99E6FE01EA9E68300F555C5 /* DemoQB.app */;
			productType = "com.apple.product-type.application";
		};
/* End PBXNativeTarget section */

/* Begin PBXProject section */
		A99E6FD81EA9E68300F555C5 /* Project object */ = {
			isa = PBXProject;
			attributes = {
				LastSwiftUpdateCheck = 0830;
				LastUpgradeCheck = 0830;
				ORGANIZATIONNAME = Indianic;
				TargetAttributes = {
					A99E6FDF1EA9E68300F555C5 = {
						CreatedOnToolsVersion = 8.3.1;
						LastSwiftMigration = 0830;
						ProvisioningStyle = Manual;
					};
				};
			};
			buildConfigurationList = A99E6FDB1EA9E68300F555C5 /* Build configuration list for PBXProject "DemoQB" */;
			compatibilityVersion = "Xcode 3.2";
			developmentRegion = English;
			hasScannedForEncodings = 0;
			knownRegions = (
				en,
				Base,
			);
			mainGroup = A99E6FD71EA9E68300F555C5;
			productRefGroup = A99E6FE11EA9E68300F555C5 /* Products */;
			projectDirPath = "";
			projectRoot = "";
			targets = (
				A99E6FDF1EA9E68300F555C5 /* DemoQB */,
			);
		};
/* End PBXProject section */

/* Begin PBXResourcesBuildPhase section */
		A99E6FDE1EA9E68300F555C5 /* Resources */ = {
			isa = PBXResourcesBuildPhase;
			buildActionMask = 2147483647;
			files = (
				A99E6FEE1EA9E68300F555C5 /* LaunchScreen.storyboard in Resources */,
				A99E6FEB1EA9E68300F555C5 /* Assets.xcassets in Resources */,
				A99E6FE91EA9E68300F555C5 /* Main.storyboard in Resources */,
			);
			runOnlyForDeploymentPostprocessing = 0;
		};
/* End PBXResourcesBuildPhase section */

/* Begin PBXShellScriptBuildPhase section */
		032D7EA7D90CF15C5B415DC4 /* [CP] Embed Pods Frameworks */ = {
			isa = PBXShellScriptBuildPhase;
			buildActionMask = 2147483647;
			files = (
			);
			inputPaths = (
			);
			name = "[CP] Embed Pods Frameworks";
			outputPaths = (
			);
			runOnlyForDeploymentPostprocessing = 0;
			shellPath = /bin/sh;
			shellScript = "\"${SRCROOT}/Pods/Target Support Files/Pods-DemoQB/Pods-DemoQB-frameworks.sh\"\n";
			showEnvVarsInLog = 0;
		};
		1FA26EF75432E66038BFCC96 /* [CP] Check Pods Manifest.lock */ = {
			isa = PBXShellScriptBuildPhase;
			buildActionMask = 2147483647;
			files = (
			);
			inputPaths = (
			);
			name = "[CP] Check Pods Manifest.lock";
			outputPaths = (
			);
			runOnlyForDeploymentPostprocessing = 0;
			shellPath = /bin/sh;
			shellScript = "diff \"${PODS_ROOT}/../Podfile.lock\" \"${PODS_ROOT}/Manifest.lock\" > /dev/null\nif [ $? != 0 ] ; then\n    # print error to STDERR\n    echo \"error: The sandbox is not in sync with the Podfile.lock. Run 'pod install' or update your CocoaPods installation.\" >&2\n    exit 1\nfi\n";
			showEnvVarsInLog = 0;
		};
		42AB49C6B707C87AD66AFA58 /* [CP] Copy Pods Resources */ = {
			isa = PBXShellScriptBuildPhase;
			buildActionMask = 2147483647;
			files = (
			);
			inputPaths = (
			);
			name = "[CP] Copy Pods Resources";
			outputPaths = (
			);
			runOnlyForDeploymentPostprocessing = 0;
			shellPath = /bin/sh;
			shellScript = "\"${SRCROOT}/Pods/Target Support Files/Pods-DemoQB/Pods-DemoQB-resources.sh\"\n";
			showEnvVarsInLog = 0;
		};
/* End PBXShellScriptBuildPhase section */

/* Begin PBXSourcesBuildPhase section */
		A99E6FDC1EA9E68300F555C5 /* Sources */ = {
			isa = PBXSourcesBuildPhase;
			buildActionMask = 2147483647;
			files = (
				A99E6FE61EA9E68300F555C5 /* ViewController.swift in Sources */,
				A99E6FE41EA9E68300F555C5 /* AppDelegate.swift in Sources */,
				A99E6FF81EA9E92600F555C5 /* abcViewController.m in Sources */,
			);
			runOnlyForDeploymentPostprocessing = 0;
		};
/* End PBXSourcesBuildPhase section */

/* Begin PBXVariantGroup section */
		A99E6FE71EA9E68300F555C5 /* Main.storyboard */ = {
			isa = PBXVariantGroup;
			children = (
				A99E6FE81EA9E68300F555C5 /* Base */,
			);
			name = Main.storyboard;
			sourceTree = "<group>";
		};
		A99E6FEC1EA9E68300F555C5 /* LaunchScreen.storyboard */ = {
			isa = PBXVariantGroup;
			children = (
				A99E6FED1EA9E68300F555C5 /* Base */,
			);
			name = LaunchScreen.storyboard;
			sourceTree = "<group>";
		};
/* End PBXVariantGroup section */

/* Begin XCBuildConfiguration section */
		A99E6FF01EA9E68300F555C5 /* Debug */ = {
			isa = XCBuildConfiguration;
			buildSettings = {
				ALWAYS_SEARCH_USER_PATHS = NO;
				CLANG_ANALYZER_NONNULL = YES;
				CLANG_ANALYZER_NUMBER_OBJECT_CONVERSION = YES_AGGRESSIVE;
				CLANG_CXX_LANGUAGE_STANDARD = "gnu++0x";
				CLANG_CXX_LIBRARY = "libc++";
				CLANG_ENABLE_MODULES = YES;
				CLANG_ENABLE_OBJC_ARC = YES;
				CLANG_WARN_BOOL_CONVERSION = YES;
				CLANG_WARN_CONSTANT_CONVERSION = YES;
				CLANG_WARN_DIRECT_OBJC_ISA_USAGE = YES_ERROR;
				CLANG_WARN_DOCUMENTATION_COMMENTS = YES;
				CLANG_WARN_EMPTY_BODY = YES;
				CLANG_WARN_ENUM_CONVERSION = YES;
				CLANG_WARN_INFINITE_RECURSION = YES;
				CLANG_WARN_INT_CONVERSION = YES;
				CLANG_WARN_OBJC_ROOT_CLASS = YES_ERROR;
				CLANG_WARN_SUSPICIOUS_MOVE = YES;
				CLANG_WARN_UNREACHABLE_CODE = YES;
				CLANG_WARN__DUPLICATE_METHOD_MATCH = YES;
				"CODE_SIGN_IDENTITY[sdk=iphoneos*]" = "iPhone Developer";
				COPY_PHASE_STRIP = NO;
				DEBUG_INFORMATION_FORMAT = dwarf;
				ENABLE_STRICT_OBJC_MSGSEND = YES;
				ENABLE_TESTABILITY = YES;
				GCC_C_LANGUAGE_STANDARD = gnu99;
				GCC_DYNAMIC_NO_PIC = NO;
				GCC_NO_COMMON_BLOCKS = YES;
				GCC_OPTIMIZATION_LEVEL = 0;
				GCC_PREPROCESSOR_DEFINITIONS = (
					"DEBUG=1",
					"$(inherited)",
				);
				GCC_WARN_64_TO_32_BIT_CONVERSION = YES;
				GCC_WARN_ABOUT_RETURN_TYPE = YES_ERROR;
				GCC_WARN_UNDECLARED_SELECTOR = YES;
				GCC_WARN_UNINITIALIZED_AUTOS = YES_AGGRESSIVE;
				GCC_WARN_UNUSED_FUNCTION = YES;
				GCC_WARN_UNUSED_VARIABLE = YES;
				IPHONEOS_DEPLOYMENT_TARGET = 10.3;
				MTL_ENABLE_DEBUG_INFO = YES;
				ONLY_ACTIVE_ARCH = YES;
				SDKROOT = iphoneos;
				SWIFT_ACTIVE_COMPILATION_CONDITIONS = DEBUG;
				SWIFT_OPTIMIZATION_LEVEL = "-Onone";
			};
			name = Debug;
		};
		A99E6FF11EA9E68300F555C5 /* Release */ = {
			isa = XCBuildConfiguration;
			buildSettings = {
				ALWAYS_SEARCH_USER_PATHS = NO;
				CLANG_ANALYZER_NONNULL = YES;
				CLANG_ANALYZER_NUMBER_OBJECT_CONVERSION = YES_AGGRESSIVE;
				CLANG_CXX_LANGUAGE_STANDARD = "gnu++0x";
				CLANG_CXX_LIBRARY = "libc++";
				CLANG_ENABLE_MODULES = YES;
				CLANG_ENABLE_OBJC_ARC = YES;
				CLANG_WARN_BOOL_CONVERSION = YES;
				CLANG_WARN_CONSTANT_CONVERSION = YES;
				CLANG_WARN_DIRECT_OBJC_ISA_USAGE = YES_ERROR;
				CLANG_WARN_DOCUMENTATION_COMMENTS = YES;
				CLANG_WARN_EMPTY_BODY = YES;
				CLANG_WARN_ENUM_CONVERSION = YES;
				CLANG_WARN_INFINITE_RECURSION = YES;
				CLANG_WARN_INT_CONVERSION = YES;
				CLANG_WARN_OBJC_ROOT_CLASS = YES_ERROR;
				CLANG_WARN_SUSPICIOUS_MOVE = YES;
				CLANG_WARN_UNREACHABLE_CODE = YES;
				CLANG_WARN__DUPLICATE_METHOD_MATCH = YES;
				"CODE_SIGN_IDENTITY[sdk=iphoneos*]" = "iPhone Developer";
				COPY_PHASE_STRIP = NO;
				DEBUG_INFORMATION_FORMAT = "dwarf-with-dsym";
				ENABLE_NS_ASSERTIONS = NO;
				ENABLE_STRICT_OBJC_MSGSEND = YES;
				GCC_C_LANGUAGE_STANDARD = gnu99;
				GCC_NO_COMMON_BLOCKS = YES;
				GCC_WARN_64_TO_32_BIT_CONVERSION = YES;
				GCC_WARN_ABOUT_RETURN_TYPE = YES_ERROR;
				GCC_WARN_UNDECLARED_SELECTOR = YES;
				GCC_WARN_UNINITIALIZED_AUTOS = YES_AGGRESSIVE;
				GCC_WARN_UNUSED_FUNCTION = YES;
				GCC_WARN_UNUSED_VARIABLE = YES;
				IPHONEOS_DEPLOYMENT_TARGET = 10.3;
				MTL_ENABLE_DEBUG_INFO = NO;
				SDKROOT = iphoneos;
				SWIFT_OPTIMIZATION_LEVEL = "-Owholemodule";
				VALIDATE_PRODUCT = YES;
			};
			name = Release;
		};
		A99E6FF31EA9E68300F555C5 /* Debug */ = {
			isa = XCBuildConfiguration;
			baseConfigurationReference = E664703287182F0D724E5191 /* Pods-DemoQB.debug.xcconfig */;
			buildSettings = {
				ASSETCATALOG_COMPILER_APPICON_NAME = AppIcon;
				CLANG_ENABLE_MODULES = YES;
				DEVELOPMENT_TEAM = "";
				INFOPLIST_FILE = DemoQB/Info.plist;
				LD_RUNPATH_SEARCH_PATHS = "$(inherited) @executable_path/Frameworks";
				PRODUCT_BUNDLE_IDENTIFIER = com.indianic.DemoQB;
				PRODUCT_NAME = "$(TARGET_NAME)";
				PROVISIONING_PROFILE_SPECIFIER = "";
				SWIFT_OBJC_BRIDGING_HEADER = "DemoQB/DemoQB-Bridging-Header.h";
				SWIFT_OPTIMIZATION_LEVEL = "-Onone";
				SWIFT_VERSION = 3.0;
			};
			name = Debug;
		};
		A99E6FF41EA9E68300F555C5 /* Release */ = {
			isa = XCBuildConfiguration;
			baseConfigurationReference = 833C0F12E3139E9EF967F498 /* Pods-DemoQB.release.xcconfig */;
			buildSettings = {
				ASSETCATALOG_COMPILER_APPICON_NAME = AppIcon;
				CLANG_ENABLE_MODULES = YES;
				DEVELOPMENT_TEAM = "";
				INFOPLIST_FILE = DemoQB/Info.plist;
				LD_RUNPATH_SEARCH_PATHS = "$(inherited) @executable_path/Frameworks";
				PRODUCT_BUNDLE_IDENTIFIER = com.indianic.DemoQB;
				PRODUCT_NAME = "$(TARGET_NAME)";
				PROVISIONING_PROFILE_SPECIFIER = "";
				SWIFT_OBJC_BRIDGING_HEADER = "DemoQB/DemoQB-Bridging-Header.h";
				SWIFT_VERSION = 3.0;
			};
			name = Release;
		};
/* End XCBuildConfiguration section */

/* Begin XCConfigurationList section */
		A99E6FDB1EA9E68300F555C5 /* Build configuration list for PBXProject "DemoQB" */ = {
			isa = XCConfigurationList;
			buildConfigurations = (
				A99E6FF01EA9E68300F555C5 /* Debug */,
				A99E6FF11EA9E68300F555C5 /* Release */,
			);
			defaultConfigurationIsVisible = 0;
			defaultConfigurationName = Release;
		};
		A99E6FF21EA9E68300F555C5 /* Build configuration list for PBXNativeTarget "DemoQB" */ = {
			isa = XCConfigurationList;
			buildConfigurations = (
				A99E6FF31EA9E68300F555C5 /* Debug */,
				A99E6FF41EA9E68300F555C5 /* Release */,
			);
			defaultConfigurationIsVisible = 0;
			defaultConfigurationName = Release;
		};
/* End XCConfigurationList section */
	};
	rootObject = A99E6FD81EA9E68300F555C5 /* Project object */;
}
