// !$*UTF8*$!
{
	archiveVersion = 1;
	classes = {
	};
	objectVersion = 46;
	objects = {

/* Begin PBXBuildFile section */
		A9B80A221E891E19006DFE61 /* AppDelegate.swift in Sources */ = {isa = PBXBuildFile; fileRef = A9B80A211E891E19006DFE61 /* AppDelegate.swift */; };
		A9B80A241E891E19006DFE61 /* ViewController.swift in Sources */ = {isa = PBXBuildFile; fileRef = A9B80A231E891E19006DFE61 /* ViewController.swift */; };
		A9B80A271E891E19006DFE61 /* Main.storyboard in Resources */ = {isa = PBXBuildFile; fileRef = A9B80A251E891E19006DFE61 /* Main.storyboard */; };
		A9B80A291E891E19006DFE61 /* Assets.xcassets in Resources */ = {isa = PBXBuildFile; fileRef = A9B80A281E891E19006DFE61 /* Assets.xcassets */; };
		A9B80A2C1E891E19006DFE61 /* LaunchScreen.storyboard in Resources */ = {isa = PBXBuildFile; fileRef = A9B80A2A1E891E19006DFE61 /* LaunchScreen.storyboard */; };
		A9B80A351E894219006DFE61 /* ViewController2.swift in Sources */ = {isa = PBXBuildFile; fileRef = A9B80A341E894219006DFE61 /* ViewController2.swift */; };
/* End PBXBuildFile section */

/* Begin PBXFileReference section */
		A9B80A1E1E891E19006DFE61 /* BasicDemo.app */ = {isa = PBXFileReference; explicitFileType = wrapper.application; includeInIndex = 0; path = BasicDemo.app; sourceTree = BUILT_PRODUCTS_DIR; };
		A9B80A211E891E19006DFE61 /* AppDelegate.swift */ = {isa = PBXFileReference; lastKnownFileType = sourcecode.swift; path = AppDelegate.swift; sourceTree = "<group>"; };
		A9B80A231E891E19006DFE61 /* ViewController.swift */ = {isa = PBXFileReference; lastKnownFileType = sourcecode.swift; path = ViewController.swift; sourceTree = "<group>"; };
		A9B80A261E891E19006DFE61 /* Base */ = {isa = PBXFileReference; lastKnownFileType = file.storyboard; name = Base; path = Base.lproj/Main.storyboard; sourceTree = "<group>"; };
		A9B80A281E891E19006DFE61 /* Assets.xcassets */ = {isa = PBXFileReference; lastKnownFileType = folder.assetcatalog; path = Assets.xcassets; sourceTree = "<group>"; };
		A9B80A2B1E891E19006DFE61 /* Base */ = {isa = PBXFileReference; lastKnownFileType = file.storyboard; name = Base; path = Base.lproj/LaunchScreen.storyboard; sourceTree = "<group>"; };
		A9B80A2D1E891E19006DFE61 /* Info.plist */ = {isa = PBXFileReference; lastKnownFileType = text.plist.xml; path = Info.plist; sourceTree = "<group>"; };
		A9B80A331E891EB5006DFE61 /* API Documentation.docx */ = {isa = PBXFileReference; lastKnownFileType = file; path = "API Documentation.docx"; sourceTree = "<group>"; };
		A9B80A341E894219006DFE61 /* ViewController2.swift */ = {isa = PBXFileReference; fileEncoding = 4; lastKnownFileType = sourcecode.swift; path = ViewController2.swift; sourceTree = "<group>"; };
/* End PBXFileReference section */

/* Begin PBXFrameworksBuildPhase section */
		A9B80A1B1E891E18006DFE61 /* Frameworks */ = {
			isa = PBXFrameworksBuildPhase;
			buildActionMask = 2147483647;
			files = (
			);
			runOnlyForDeploymentPostprocessing = 0;
		};
/* End PBXFrameworksBuildPhase section */

/* Begin PBXGroup section */
		A9B80A151E891E18006DFE61 = {
			isa = PBXGroup;
			children = (
				A9B80A201E891E19006DFE61 /* BasicDemo */,
				A9B80A1F1E891E19006DFE61 /* Products */,
			);
			sourceTree = "<group>";
		};
		A9B80A1F1E891E19006DFE61 /* Products */ = {
			isa = PBXGroup;
			children = (
				A9B80A1E1E891E19006DFE61 /* BasicDemo.app */,
			);
			name = Products;
			sourceTree = "<group>";
		};
		A9B80A201E891E19006DFE61 /* BasicDemo */ = {
			isa = PBXGroup;
			children = (
				A9B80A331E891EB5006DFE61 /* API Documentation.docx */,
				A9B80A211E891E19006DFE61 /* AppDelegate.swift */,
				A9B80A231E891E19006DFE61 /* ViewController.swift */,
				A9B80A341E894219006DFE61 /* ViewController2.swift */,
				A9B80A251E891E19006DFE61 /* Main.storyboard */,
				A9B80A281E891E19006DFE61 /* Assets.xcassets */,
				A9B80A2A1E891E19006DFE61 /* LaunchScreen.storyboard */,
				A9B80A2D1E891E19006DFE61 /* Info.plist */,
			);
			path = BasicDemo;
			sourceTree = "<group>";
		};
/* End PBXGroup section */

/* Begin PBXNativeTarget section */
		A9B80A1D1E891E18006DFE61 /* BasicDemo */ = {
			isa = PBXNativeTarget;
			buildConfigurationList = A9B80A301E891E19006DFE61 /* Build configuration list for PBXNativeTarget "BasicDemo" */;
			buildPhases = (
				A9B80A1A1E891E18006DFE61 /* Sources */,
				A9B80A1B1E891E18006DFE61 /* Frameworks */,
				A9B80A1C1E891E18006DFE61 /* Resources */,
			);
			buildRules = (
			);
			dependencies = (
			);
			name = BasicDemo;
			productName = BasicDemo;
			productReference = A9B80A1E1E891E19006DFE61 /* BasicDemo.app */;
			productType = "com.apple.product-type.application";
		};
/* End PBXNativeTarget section */

/* Begin PBXProject section */
		A9B80A161E891E18006DFE61 /* Project object */ = {
			isa = PBXProject;
			attributes = {
				LastSwiftUpdateCheck = 0820;
				LastUpgradeCheck = 0820;
				ORGANIZATIONNAME = ImagePlus;
				TargetAttributes = {
					A9B80A1D1E891E18006DFE61 = {
						CreatedOnToolsVersion = 8.2.1;
						ProvisioningStyle = Automatic;
					};
				};
			};
			buildConfigurationList = A9B80A191E891E18006DFE61 /* Build configuration list for PBXProject "BasicDemo" */;
			compatibilityVersion = "Xcode 3.2";
			developmentRegion = English;
			hasScannedForEncodings = 0;
			knownRegions = (
				en,
				Base,
			);
			mainGroup = A9B80A151E891E18006DFE61;
			productRefGroup = A9B80A1F1E891E19006DFE61 /* Products */;
			projectDirPath = "";
			projectRoot = "";
			targets = (
				A9B80A1D1E891E18006DFE61 /* BasicDemo */,
			);
		};
/* End PBXProject section */

/* Begin PBXResourcesBuildPhase section */
		A9B80A1C1E891E18006DFE61 /* Resources */ = {
			isa = PBXResourcesBuildPhase;
			buildActionMask = 2147483647;
			files = (
				A9B80A2C1E891E19006DFE61 /* LaunchScreen.storyboard in Resources */,
				A9B80A291E891E19006DFE61 /* Assets.xcassets in Resources */,
				A9B80A271E891E19006DFE61 /* Main.storyboard in Resources */,
			);
			runOnlyForDeploymentPostprocessing = 0;
		};
/* End PBXResourcesBuildPhase section */

/* Begin PBXSourcesBuildPhase section */
		A9B80A1A1E891E18006DFE61 /* Sources */ = {
			isa = PBXSourcesBuildPhase;
			buildActionMask = 2147483647;
			files = (
				A9B80A241E891E19006DFE61 /* ViewController.swift in Sources */,
				A9B80A221E891E19006DFE61 /* AppDelegate.swift in Sources */,
				A9B80A351E894219006DFE61 /* ViewController2.swift in Sources */,
			);
			runOnlyForDeploymentPostprocessing = 0;
		};
/* End PBXSourcesBuildPhase section */

/* Begin PBXVariantGroup section */
		A9B80A251E891E19006DFE61 /* Main.storyboard */ = {
			isa = PBXVariantGroup;
			children = (
				A9B80A261E891E19006DFE61 /* Base */,
			);
			name = Main.storyboard;
			sourceTree = "<group>";
		};
		A9B80A2A1E891E19006DFE61 /* LaunchScreen.storyboard */ = {
			isa = PBXVariantGroup;
			children = (
				A9B80A2B1E891E19006DFE61 /* Base */,
			);
			name = LaunchScreen.storyboard;
			sourceTree = "<group>";
		};
/* End PBXVariantGroup section */

/* Begin XCBuildConfiguration section */
		A9B80A2E1E891E19006DFE61 /* Debug */ = {
			isa = XCBuildConfiguration;
			buildSettings = {
				ALWAYS_SEARCH_USER_PATHS = NO;
				CLANG_ANALYZER_NONNULL = YES;
				CLANG_CXX_LANGUAGE_STANDARD = "gnu++0x";
				CLANG_CXX_LIBRARY = "libc++";
				CLANG_ENABLE_MODULES = YES;
				CLANG_ENABLE_OBJC_ARC = YES;
				CLANG_WARN_BOOL_CONVERSION = YES;
				CLANG_WARN_CONSTANT_CONVERSION = YES;
				CLANG_WARN_DIRECT_OBJC_ISA_USAGE = YES_ERROR;
				CLANG_WARN_DOCUMENTATION_COMMENTS = YES;
				CLANG_WARN_EMPTY_BODY = YES;
				CLANG_WARN_ENUM_CONVERSION = YES;
				CLANG_WARN_INFINITE_RECURSION = YES;
				CLANG_WARN_INT_CONVERSION = YES;
				CLANG_WARN_OBJC_ROOT_CLASS = YES_ERROR;
				CLANG_WARN_SUSPICIOUS_MOVE = YES;
				CLANG_WARN_UNREACHABLE_CODE = YES;
				CLANG_WARN__DUPLICATE_METHOD_MATCH = YES;
				"CODE_SIGN_IDENTITY[sdk=iphoneos*]" = "iPhone Developer";
				COPY_PHASE_STRIP = NO;
				DEBUG_INFORMATION_FORMAT = dwarf;
				ENABLE_STRICT_OBJC_MSGSEND = YES;
				ENABLE_TESTABILITY = YES;
				GCC_C_LANGUAGE_STANDARD = gnu99;
				GCC_DYNAMIC_NO_PIC = NO;
				GCC_NO_COMMON_BLOCKS = YES;
				GCC_OPTIMIZATION_LEVEL = 0;
				GCC_PREPROCESSOR_DEFINITIONS = (
					"DEBUG=1",
					"$(inherited)",
				);
				GCC_WARN_64_TO_32_BIT_CONVERSION = YES;
				GCC_WARN_ABOUT_RETURN_TYPE = YES_ERROR;
				GCC_WARN_UNDECLARED_SELECTOR = YES;
				GCC_WARN_UNINITIALIZED_AUTOS = YES_AGGRESSIVE;
				GCC_WARN_UNUSED_FUNCTION = YES;
				GCC_WARN_UNUSED_VARIABLE = YES;
				IPHONEOS_DEPLOYMENT_TARGET = 10.2;
				MTL_ENABLE_DEBUG_INFO = YES;
				ONLY_ACTIVE_ARCH = YES;
				SDKROOT = iphoneos;
				SWIFT_ACTIVE_COMPILATION_CONDITIONS = DEBUG;
				SWIFT_OPTIMIZATION_LEVEL = "-Onone";
			};
			name = Debug;
		};
		A9B80A2F1E891E19006DFE61 /* Release */ = {
			isa = XCBuildConfiguration;
			buildSettings = {
				ALWAYS_SEARCH_USER_PATHS = NO;
				CLANG_ANALYZER_NONNULL = YES;
				CLANG_CXX_LANGUAGE_STANDARD = "gnu++0x";
				CLANG_CXX_LIBRARY = "libc++";
				CLANG_ENABLE_MODULES = YES;
				CLANG_ENABLE_OBJC_ARC = YES;
				CLANG_WARN_BOOL_CONVERSION = YES;
				CLANG_WARN_CONSTANT_CONVERSION = YES;
				CLANG_WARN_DIRECT_OBJC_ISA_USAGE = YES_ERROR;
				CLANG_WARN_DOCUMENTATION_COMMENTS = YES;
				CLANG_WARN_EMPTY_BODY = YES;
				CLANG_WARN_ENUM_CONVERSION = YES;
				CLANG_WARN_INFINITE_RECURSION = YES;
				CLANG_WARN_INT_CONVERSION = YES;
				CLANG_WARN_OBJC_ROOT_CLASS = YES_ERROR;
				CLANG_WARN_SUSPICIOUS_MOVE = YES;
				CLANG_WARN_UNREACHABLE_CODE = YES;
				CLANG_WARN__DUPLICATE_METHOD_MATCH = YES;
				"CODE_SIGN_IDENTITY[sdk=iphoneos*]" = "iPhone Developer";
				COPY_PHASE_STRIP = NO;
				DEBUG_INFORMATION_FORMAT = "dwarf-with-dsym";
				ENABLE_NS_ASSERTIONS = NO;
				ENABLE_STRICT_OBJC_MSGSEND = YES;
				GCC_C_LANGUAGE_STANDARD = gnu99;
				GCC_NO_COMMON_BLOCKS = YES;
				GCC_WARN_64_TO_32_BIT_CONVERSION = YES;
				GCC_WARN_ABOUT_RETURN_TYPE = YES_ERROR;
				GCC_WARN_UNDECLARED_SELECTOR = YES;
				GCC_WARN_UNINITIALIZED_AUTOS = YES_AGGRESSIVE;
				GCC_WARN_UNUSED_FUNCTION = YES;
				GCC_WARN_UNUSED_VARIABLE = YES;
				IPHONEOS_DEPLOYMENT_TARGET = 10.2;
				MTL_ENABLE_DEBUG_INFO = NO;
				SDKROOT = iphoneos;
				SWIFT_OPTIMIZATION_LEVEL = "-Owholemodule";
				VALIDATE_PRODUCT = YES;
			};
			name = Release;
		};
		A9B80A311E891E19006DFE61 /* Debug */ = {
			isa = XCBuildConfiguration;
			buildSettings = {
				ASSETCATALOG_COMPILER_APPICON_NAME = AppIcon;
				INFOPLIST_FILE = BasicDemo/Info.plist;
				LD_RUNPATH_SEARCH_PATHS = "$(inherited) @executable_path/Frameworks";
				PRODUCT_BUNDLE_IDENTIFIER = com.ImagePlus.www.BasicDemo;
				PRODUCT_NAME = "$(TARGET_NAME)";
				SWIFT_VERSION = 3.0;
			};
			name = Debug;
		};
		A9B80A321E891E19006DFE61 /* Release */ = {
			isa = XCBuildConfiguration;
			buildSettings = {
				ASSETCATALOG_COMPILER_APPICON_NAME = AppIcon;
				INFOPLIST_FILE = BasicDemo/Info.plist;
				LD_RUNPATH_SEARCH_PATHS = "$(inherited) @executable_path/Frameworks";
				PRODUCT_BUNDLE_IDENTIFIER = com.ImagePlus.www.BasicDemo;
				PRODUCT_NAME = "$(TARGET_NAME)";
				SWIFT_VERSION = 3.0;
			};
			name = Release;
		};
/* End XCBuildConfiguration section */

/* Begin XCConfigurationList section */
		A9B80A191E891E18006DFE61 /* Build configuration list for PBXProject "BasicDemo" */ = {
			isa = XCConfigurationList;
			buildConfigurations = (
				A9B80A2E1E891E19006DFE61 /* Debug */,
				A9B80A2F1E891E19006DFE61 /* Release */,
			);
			defaultConfigurationIsVisible = 0;
			defaultConfigurationName = Release;
		};
		A9B80A301E891E19006DFE61 /* Build configuration list for PBXNativeTarget "BasicDemo" */ = {
			isa = XCConfigurationList;
			buildConfigurations = (
				A9B80A311E891E19006DFE61 /* Debug */,
				A9B80A321E891E19006DFE61 /* Release */,
			);
			defaultConfigurationIsVisible = 0;
		};
/* End XCConfigurationList section */
	};
	rootObject = A9B80A161E891E18006DFE61 /* Project object */;
}
