// !$*UTF8*$!
{
	archiveVersion = 1;
	classes = {
	};
	objectVersion = 46;
	objects = {

/* Begin PBXBuildFile section */
		A96E4A391C687F5E00DC5DF8 /* main.m in Sources */ = {isa = PBXBuildFile; fileRef = A96E4A381C687F5E00DC5DF8 /* main.m */; };
		A96E4A3C1C687F5E00DC5DF8 /* AppDelegate.m in Sources */ = {isa = PBXBuildFile; fileRef = A96E4A3B1C687F5E00DC5DF8 /* AppDelegate.m */; };
		A96E4A3F1C687F5E00DC5DF8 /* HomeVC.m in Sources */ = {isa = PBXBuildFile; fileRef = A96E4A3E1C687F5E00DC5DF8 /* HomeVC.m */; };
		A96E4A421C687F5E00DC5DF8 /* Main.storyboard in Resources */ = {isa = PBXBuildFile; fileRef = A96E4A401C687F5E00DC5DF8 /* Main.storyboard */; };
		A96E4A451C687F5E00DC5DF8 /* SqliteDemo.xcdatamodeld in Sources */ = {isa = PBXBuildFile; fileRef = A96E4A431C687F5E00DC5DF8 /* SqliteDemo.xcdatamodeld */; };
		A96E4A471C687F5E00DC5DF8 /* Assets.xcassets in Resources */ = {isa = PBXBuildFile; fileRef = A96E4A461C687F5E00DC5DF8 /* Assets.xcassets */; };
		A96E4A4A1C687F5E00DC5DF8 /* LaunchScreen.storyboard in Resources */ = {isa = PBXBuildFile; fileRef = A96E4A481C687F5E00DC5DF8 /* LaunchScreen.storyboard */; };
		A96E4A551C687F5E00DC5DF8 /* SqliteDemoTests.m in Sources */ = {isa = PBXBuildFile; fileRef = A96E4A541C687F5E00DC5DF8 /* SqliteDemoTests.m */; };
		A96E4A601C687F5E00DC5DF8 /* SqliteDemoUITests.m in Sources */ = {isa = PBXBuildFile; fileRef = A96E4A5F1C687F5E00DC5DF8 /* SqliteDemoUITests.m */; };
		A96E4A6F1C6893A800DC5DF8 /* RegisterationVC.m in Sources */ = {isa = PBXBuildFile; fileRef = A96E4A6E1C6893A800DC5DF8 /* RegisterationVC.m */; };
		A96E4A721C6893C100DC5DF8 /* LoginVC.m in Sources */ = {isa = PBXBuildFile; fileRef = A96E4A711C6893C100DC5DF8 /* LoginVC.m */; };
		A96E4A771C68960D00DC5DF8 /* libsqlite3.0.tbd in Frameworks */ = {isa = PBXBuildFile; fileRef = A96E4A761C68960D00DC5DF8 /* libsqlite3.0.tbd */; };
		A96E4A911C68981B00DC5DF8 /* FMDatabase+FTS3.m in Sources */ = {isa = PBXBuildFile; fileRef = A96E4A7D1C68981B00DC5DF8 /* FMDatabase+FTS3.m */; };
		A96E4A921C68981B00DC5DF8 /* FMTokenizers.m in Sources */ = {isa = PBXBuildFile; fileRef = A96E4A7F1C68981B00DC5DF8 /* FMTokenizers.m */; };
		A96E4A931C68981B00DC5DF8 /* FMDatabase+InMemoryOnDiskIO.m in Sources */ = {isa = PBXBuildFile; fileRef = A96E4A831C68981B00DC5DF8 /* FMDatabase+InMemoryOnDiskIO.m */; };
		A96E4A941C68981B00DC5DF8 /* FMDatabase.m in Sources */ = {isa = PBXBuildFile; fileRef = A96E4A871C68981B00DC5DF8 /* FMDatabase.m */; };
		A96E4A951C68981B00DC5DF8 /* FMDatabaseAdditions.m in Sources */ = {isa = PBXBuildFile; fileRef = A96E4A891C68981B00DC5DF8 /* FMDatabaseAdditions.m */; };
		A96E4A961C68981B00DC5DF8 /* FMDatabasePool.m in Sources */ = {isa = PBXBuildFile; fileRef = A96E4A8B1C68981B00DC5DF8 /* FMDatabasePool.m */; };
		A96E4A971C68981B00DC5DF8 /* FMDatabaseQueue.m in Sources */ = {isa = PBXBuildFile; fileRef = A96E4A8D1C68981B00DC5DF8 /* FMDatabaseQueue.m */; };
		A96E4A981C68981B00DC5DF8 /* FMResultSet.m in Sources */ = {isa = PBXBuildFile; fileRef = A96E4A901C68981B00DC5DF8 /* FMResultSet.m */; };
		A96E4AA21C68BDCF00DC5DF8 /* BloggingDB.sqlite in Resources */ = {isa = PBXBuildFile; fileRef = A96E4AA11C68BDCF00DC5DF8 /* BloggingDB.sqlite */; };
		A96E4AA51C68C84B00DC5DF8 /* FirstVC.m in Sources */ = {isa = PBXBuildFile; fileRef = A96E4AA41C68C84B00DC5DF8 /* FirstVC.m */; };
		A96E4AA81C68C9DC00DC5DF8 /* NewPostVC.m in Sources */ = {isa = PBXBuildFile; fileRef = A96E4AA71C68C9DC00DC5DF8 /* NewPostVC.m */; };
		A96E4AAF1C68DB2B00DC5DF8 /* CommanButtonClass.m in Sources */ = {isa = PBXBuildFile; fileRef = A96E4AAE1C68DB2B00DC5DF8 /* CommanButtonClass.m */; };
/* End PBXBuildFile section */

/* Begin PBXContainerItemProxy section */
		A96E4A511C687F5E00DC5DF8 /* PBXContainerItemProxy */ = {
			isa = PBXContainerItemProxy;
			containerPortal = A96E4A2C1C687F5E00DC5DF8 /* Project object */;
			proxyType = 1;
			remoteGlobalIDString = A96E4A331C687F5E00DC5DF8;
			remoteInfo = SqliteDemo;
		};
		A96E4A5C1C687F5E00DC5DF8 /* PBXContainerItemProxy */ = {
			isa = PBXContainerItemProxy;
			containerPortal = A96E4A2C1C687F5E00DC5DF8 /* Project object */;
			proxyType = 1;
			remoteGlobalIDString = A96E4A331C687F5E00DC5DF8;
			remoteInfo = SqliteDemo;
		};
/* End PBXContainerItemProxy section */

/* Begin PBXFileReference section */
		A96E4A341C687F5E00DC5DF8 /* SqliteDemo.app */ = {isa = PBXFileReference; explicitFileType = wrapper.application; includeInIndex = 0; path = SqliteDemo.app; sourceTree = BUILT_PRODUCTS_DIR; };
		A96E4A381C687F5E00DC5DF8 /* main.m */ = {isa = PBXFileReference; lastKnownFileType = sourcecode.c.objc; path = main.m; sourceTree = "<group>"; };
		A96E4A3A1C687F5E00DC5DF8 /* AppDelegate.h */ = {isa = PBXFileReference; lastKnownFileType = sourcecode.c.h; path = AppDelegate.h; sourceTree = "<group>"; };
		A96E4A3B1C687F5E00DC5DF8 /* AppDelegate.m */ = {isa = PBXFileReference; lastKnownFileType = sourcecode.c.objc; path = AppDelegate.m; sourceTree = "<group>"; };
		A96E4A3D1C687F5E00DC5DF8 /* HomeVC.h */ = {isa = PBXFileReference; lastKnownFileType = sourcecode.c.h; path = HomeVC.h; sourceTree = "<group>"; };
		A96E4A3E1C687F5E00DC5DF8 /* HomeVC.m */ = {isa = PBXFileReference; lastKnownFileType = sourcecode.c.objc; path = HomeVC.m; sourceTree = "<group>"; };
		A96E4A411C687F5E00DC5DF8 /* Base */ = {isa = PBXFileReference; lastKnownFileType = file.storyboard; name = Base; path = Base.lproj/Main.storyboard; sourceTree = "<group>"; };
		A96E4A441C687F5E00DC5DF8 /* SqliteDemo.xcdatamodel */ = {isa = PBXFileReference; lastKnownFileType = wrapper.xcdatamodel; path = SqliteDemo.xcdatamodel; sourceTree = "<group>"; };
		A96E4A461C687F5E00DC5DF8 /* Assets.xcassets */ = {isa = PBXFileReference; lastKnownFileType = folder.assetcatalog; path = Assets.xcassets; sourceTree = "<group>"; };
		A96E4A491C687F5E00DC5DF8 /* Base */ = {isa = PBXFileReference; lastKnownFileType = file.storyboard; name = Base; path = Base.lproj/LaunchScreen.storyboard; sourceTree = "<group>"; };
		A96E4A4B1C687F5E00DC5DF8 /* Info.plist */ = {isa = PBXFileReference; lastKnownFileType = text.plist.xml; path = Info.plist; sourceTree = "<group>"; };
		A96E4A501C687F5E00DC5DF8 /* SqliteDemoTests.xctest */ = {isa = PBXFileReference; explicitFileType = wrapper.cfbundle; includeInIndex = 0; path = SqliteDemoTests.xctest; sourceTree = BUILT_PRODUCTS_DIR; };
		A96E4A541C687F5E00DC5DF8 /* SqliteDemoTests.m */ = {isa = PBXFileReference; lastKnownFileType = sourcecode.c.objc; path = SqliteDemoTests.m; sourceTree = "<group>"; };
		A96E4A561C687F5E00DC5DF8 /* Info.plist */ = {isa = PBXFileReference; lastKnownFileType = text.plist.xml; path = Info.plist; sourceTree = "<group>"; };
		A96E4A5B1C687F5E00DC5DF8 /* SqliteDemoUITests.xctest */ = {isa = PBXFileReference; explicitFileType = wrapper.cfbundle; includeInIndex = 0; path = SqliteDemoUITests.xctest; sourceTree = BUILT_PRODUCTS_DIR; };
		A96E4A5F1C687F5E00DC5DF8 /* SqliteDemoUITests.m */ = {isa = PBXFileReference; lastKnownFileType = sourcecode.c.objc; path = SqliteDemoUITests.m; sourceTree = "<group>"; };
		A96E4A611C687F5E00DC5DF8 /* Info.plist */ = {isa = PBXFileReference; lastKnownFileType = text.plist.xml; path = Info.plist; sourceTree = "<group>"; };
		A96E4A6D1C6893A800DC5DF8 /* RegisterationVC.h */ = {isa = PBXFileReference; fileEncoding = 4; lastKnownFileType = sourcecode.c.h; path = RegisterationVC.h; sourceTree = "<group>"; };
		A96E4A6E1C6893A800DC5DF8 /* RegisterationVC.m */ = {isa = PBXFileReference; fileEncoding = 4; lastKnownFileType = sourcecode.c.objc; path = RegisterationVC.m; sourceTree = "<group>"; };
		A96E4A701C6893C100DC5DF8 /* LoginVC.h */ = {isa = PBXFileReference; fileEncoding = 4; lastKnownFileType = sourcecode.c.h; path = LoginVC.h; sourceTree = "<group>"; };
		A96E4A711C6893C100DC5DF8 /* LoginVC.m */ = {isa = PBXFileReference; fileEncoding = 4; lastKnownFileType = sourcecode.c.objc; path = LoginVC.m; sourceTree = "<group>"; };
		A96E4A761C68960D00DC5DF8 /* libsqlite3.0.tbd */ = {isa = PBXFileReference; lastKnownFileType = "sourcecode.text-based-dylib-definition"; name = libsqlite3.0.tbd; path = usr/lib/libsqlite3.0.tbd; sourceTree = SDKROOT; };
		A96E4A7C1C68981B00DC5DF8 /* FMDatabase+FTS3.h */ = {isa = PBXFileReference; fileEncoding = 4; lastKnownFileType = sourcecode.c.h; path = "FMDatabase+FTS3.h"; sourceTree = "<group>"; };
		A96E4A7D1C68981B00DC5DF8 /* FMDatabase+FTS3.m */ = {isa = PBXFileReference; fileEncoding = 4; lastKnownFileType = sourcecode.c.objc; path = "FMDatabase+FTS3.m"; sourceTree = "<group>"; };
		A96E4A7E1C68981B00DC5DF8 /* FMTokenizers.h */ = {isa = PBXFileReference; fileEncoding = 4; lastKnownFileType = sourcecode.c.h; path = FMTokenizers.h; sourceTree = "<group>"; };
		A96E4A7F1C68981B00DC5DF8 /* FMTokenizers.m */ = {isa = PBXFileReference; fileEncoding = 4; lastKnownFileType = sourcecode.c.objc; path = FMTokenizers.m; sourceTree = "<group>"; };
		A96E4A801C68981B00DC5DF8 /* fts3_tokenizer.h */ = {isa = PBXFileReference; fileEncoding = 4; lastKnownFileType = sourcecode.c.h; path = fts3_tokenizer.h; sourceTree = "<group>"; };
		A96E4A821C68981B00DC5DF8 /* FMDatabase+InMemoryOnDiskIO.h */ = {isa = PBXFileReference; fileEncoding = 4; lastKnownFileType = sourcecode.c.h; path = "FMDatabase+InMemoryOnDiskIO.h"; sourceTree = "<group>"; };
		A96E4A831C68981B00DC5DF8 /* FMDatabase+InMemoryOnDiskIO.m */ = {isa = PBXFileReference; fileEncoding = 4; lastKnownFileType = sourcecode.c.objc; path = "FMDatabase+InMemoryOnDiskIO.m"; sourceTree = "<group>"; };
		A96E4A861C68981B00DC5DF8 /* FMDatabase.h */ = {isa = PBXFileReference; fileEncoding = 4; lastKnownFileType = sourcecode.c.h; path = FMDatabase.h; sourceTree = "<group>"; };
		A96E4A871C68981B00DC5DF8 /* FMDatabase.m */ = {isa = PBXFileReference; fileEncoding = 4; lastKnownFileType = sourcecode.c.objc; path = FMDatabase.m; sourceTree = "<group>"; };
		A96E4A881C68981B00DC5DF8 /* FMDatabaseAdditions.h */ = {isa = PBXFileReference; fileEncoding = 4; lastKnownFileType = sourcecode.c.h; path = FMDatabaseAdditions.h; sourceTree = "<group>"; };
		A96E4A891C68981B00DC5DF8 /* FMDatabaseAdditions.m */ = {isa = PBXFileReference; fileEncoding = 4; lastKnownFileType = sourcecode.c.objc; path = FMDatabaseAdditions.m; sourceTree = "<group>"; };
		A96E4A8A1C68981B00DC5DF8 /* FMDatabasePool.h */ = {isa = PBXFileReference; fileEncoding = 4; lastKnownFileType = sourcecode.c.h; path = FMDatabasePool.h; sourceTree = "<group>"; };
		A96E4A8B1C68981B00DC5DF8 /* FMDatabasePool.m */ = {isa = PBXFileReference; fileEncoding = 4; lastKnownFileType = sourcecode.c.objc; path = FMDatabasePool.m; sourceTree = "<group>"; };
		A96E4A8C1C68981B00DC5DF8 /* FMDatabaseQueue.h */ = {isa = PBXFileReference; fileEncoding = 4; lastKnownFileType = sourcecode.c.h; path = FMDatabaseQueue.h; sourceTree = "<group>"; };
		A96E4A8D1C68981B00DC5DF8 /* FMDatabaseQueue.m */ = {isa = PBXFileReference; fileEncoding = 4; lastKnownFileType = sourcecode.c.objc; path = FMDatabaseQueue.m; sourceTree = "<group>"; };
		A96E4A8E1C68981B00DC5DF8 /* FMDB.h */ = {isa = PBXFileReference; fileEncoding = 4; lastKnownFileType = sourcecode.c.h; path = FMDB.h; sourceTree = "<group>"; };
		A96E4A8F1C68981B00DC5DF8 /* FMResultSet.h */ = {isa = PBXFileReference; fileEncoding = 4; lastKnownFileType = sourcecode.c.h; path = FMResultSet.h; sourceTree = "<group>"; };
		A96E4A901C68981B00DC5DF8 /* FMResultSet.m */ = {isa = PBXFileReference; fileEncoding = 4; lastKnownFileType = sourcecode.c.objc; path = FMResultSet.m; sourceTree = "<group>"; };
		A96E4AA11C68BDCF00DC5DF8 /* BloggingDB.sqlite */ = {isa = PBXFileReference; lastKnownFileType = file; path = BloggingDB.sqlite; sourceTree = "<group>"; };
		A96E4AA31C68C84B00DC5DF8 /* FirstVC.h */ = {isa = PBXFileReference; fileEncoding = 4; lastKnownFileType = sourcecode.c.h; path = FirstVC.h; sourceTree = "<group>"; };
		A96E4AA41C68C84B00DC5DF8 /* FirstVC.m */ = {isa = PBXFileReference; fileEncoding = 4; lastKnownFileType = sourcecode.c.objc; path = FirstVC.m; sourceTree = "<group>"; };
		A96E4AA61C68C9DC00DC5DF8 /* NewPostVC.h */ = {isa = PBXFileReference; fileEncoding = 4; lastKnownFileType = sourcecode.c.h; path = NewPostVC.h; sourceTree = "<group>"; };
		A96E4AA71C68C9DC00DC5DF8 /* NewPostVC.m */ = {isa = PBXFileReference; fileEncoding = 4; lastKnownFileType = sourcecode.c.objc; path = NewPostVC.m; sourceTree = "<group>"; };
		A96E4AAD1C68DB2B00DC5DF8 /* CommanButtonClass.h */ = {isa = PBXFileReference; fileEncoding = 4; lastKnownFileType = sourcecode.c.h; path = CommanButtonClass.h; sourceTree = "<group>"; };
		A96E4AAE1C68DB2B00DC5DF8 /* CommanButtonClass.m */ = {isa = PBXFileReference; fileEncoding = 4; lastKnownFileType = sourcecode.c.objc; path = CommanButtonClass.m; sourceTree = "<group>"; };
/* End PBXFileReference section */

/* Begin PBXFrameworksBuildPhase section */
		A96E4A311C687F5E00DC5DF8 /* Frameworks */ = {
			isa = PBXFrameworksBuildPhase;
			buildActionMask = 2147483647;
			files = (
				A96E4A771C68960D00DC5DF8 /* libsqlite3.0.tbd in Frameworks */,
			);
			runOnlyForDeploymentPostprocessing = 0;
		};
		A96E4A4D1C687F5E00DC5DF8 /* Frameworks */ = {
			isa = PBXFrameworksBuildPhase;
			buildActionMask = 2147483647;
			files = (
			);
			runOnlyForDeploymentPostprocessing = 0;
		};
		A96E4A581C687F5E00DC5DF8 /* Frameworks */ = {
			isa = PBXFrameworksBuildPhase;
			buildActionMask = 2147483647;
			files = (
			);
			runOnlyForDeploymentPostprocessing = 0;
		};
/* End PBXFrameworksBuildPhase section */

/* Begin PBXGroup section */
		A96E4A2B1C687F5E00DC5DF8 = {
			isa = PBXGroup;
			children = (
				A96E4A761C68960D00DC5DF8 /* libsqlite3.0.tbd */,
				A96E4A361C687F5E00DC5DF8 /* SqliteDemo */,
				A96E4A531C687F5E00DC5DF8 /* SqliteDemoTests */,
				A96E4A5E1C687F5E00DC5DF8 /* SqliteDemoUITests */,
				A96E4A351C687F5E00DC5DF8 /* Products */,
			);
			sourceTree = "<group>";
		};
		A96E4A351C687F5E00DC5DF8 /* Products */ = {
			isa = PBXGroup;
			children = (
				A96E4A341C687F5E00DC5DF8 /* SqliteDemo.app */,
				A96E4A501C687F5E00DC5DF8 /* SqliteDemoTests.xctest */,
				A96E4A5B1C687F5E00DC5DF8 /* SqliteDemoUITests.xctest */,
			);
			name = Products;
			sourceTree = "<group>";
		};
		A96E4A361C687F5E00DC5DF8 /* SqliteDemo */ = {
			isa = PBXGroup;
			children = (
				A96E4AAC1C68DB2B00DC5DF8 /* CommanClasses */,
				A96E4A781C68980600DC5DF8 /* Third Party */,
				A96E4A3A1C687F5E00DC5DF8 /* AppDelegate.h */,
				A96E4A3B1C687F5E00DC5DF8 /* AppDelegate.m */,
				A96E4AA31C68C84B00DC5DF8 /* FirstVC.h */,
				A96E4AA41C68C84B00DC5DF8 /* FirstVC.m */,
				A96E4A6D1C6893A800DC5DF8 /* RegisterationVC.h */,
				A96E4A6E1C6893A800DC5DF8 /* RegisterationVC.m */,
				A96E4A701C6893C100DC5DF8 /* LoginVC.h */,
				A96E4A711C6893C100DC5DF8 /* LoginVC.m */,
				A96E4A3D1C687F5E00DC5DF8 /* HomeVC.h */,
				A96E4A3E1C687F5E00DC5DF8 /* HomeVC.m */,
				A96E4AA61C68C9DC00DC5DF8 /* NewPostVC.h */,
				A96E4AA71C68C9DC00DC5DF8 /* NewPostVC.m */,
				A96E4A401C687F5E00DC5DF8 /* Main.storyboard */,
				A96E4A461C687F5E00DC5DF8 /* Assets.xcassets */,
				A96E4A481C687F5E00DC5DF8 /* LaunchScreen.storyboard */,
				A96E4A4B1C687F5E00DC5DF8 /* Info.plist */,
				A96E4A431C687F5E00DC5DF8 /* SqliteDemo.xcdatamodeld */,
				A96E4A371C687F5E00DC5DF8 /* Supporting Files */,
			);
			path = SqliteDemo;
			sourceTree = "<group>";
		};
		A96E4A371C687F5E00DC5DF8 /* Supporting Files */ = {
			isa = PBXGroup;
			children = (
				A96E4AA11C68BDCF00DC5DF8 /* BloggingDB.sqlite */,
				A96E4A381C687F5E00DC5DF8 /* main.m */,
			);
			name = "Supporting Files";
			sourceTree = "<group>";
		};
		A96E4A531C687F5E00DC5DF8 /* SqliteDemoTests */ = {
			isa = PBXGroup;
			children = (
				A96E4A541C687F5E00DC5DF8 /* SqliteDemoTests.m */,
				A96E4A561C687F5E00DC5DF8 /* Info.plist */,
			);
			path = SqliteDemoTests;
			sourceTree = "<group>";
		};
		A96E4A5E1C687F5E00DC5DF8 /* SqliteDemoUITests */ = {
			isa = PBXGroup;
			children = (
				A96E4A5F1C687F5E00DC5DF8 /* SqliteDemoUITests.m */,
				A96E4A611C687F5E00DC5DF8 /* Info.plist */,
			);
			path = SqliteDemoUITests;
			sourceTree = "<group>";
		};
		A96E4A781C68980600DC5DF8 /* Third Party */ = {
			isa = PBXGroup;
			children = (
				A96E4A791C68981B00DC5DF8 /* FMDB */,
			);
			name = "Third Party";
			sourceTree = "<group>";
		};
		A96E4A791C68981B00DC5DF8 /* FMDB */ = {
			isa = PBXGroup;
			children = (
				A96E4A7A1C68981B00DC5DF8 /* extra */,
				A96E4A851C68981B00DC5DF8 /* fmdb */,
			);
			path = FMDB;
			sourceTree = "<group>";
		};
		A96E4A7A1C68981B00DC5DF8 /* extra */ = {
			isa = PBXGroup;
			children = (
				A96E4A7B1C68981B00DC5DF8 /* fts3 */,
				A96E4A811C68981B00DC5DF8 /* InMemoryOnDiskIO */,
				A96E4A841C68981B00DC5DF8 /* Swift extensions */,
			);
			path = extra;
			sourceTree = "<group>";
		};
		A96E4A7B1C68981B00DC5DF8 /* fts3 */ = {
			isa = PBXGroup;
			children = (
				A96E4A7C1C68981B00DC5DF8 /* FMDatabase+FTS3.h */,
				A96E4A7D1C68981B00DC5DF8 /* FMDatabase+FTS3.m */,
				A96E4A7E1C68981B00DC5DF8 /* FMTokenizers.h */,
				A96E4A7F1C68981B00DC5DF8 /* FMTokenizers.m */,
				A96E4A801C68981B00DC5DF8 /* fts3_tokenizer.h */,
			);
			path = fts3;
			sourceTree = "<group>";
		};
		A96E4A811C68981B00DC5DF8 /* InMemoryOnDiskIO */ = {
			isa = PBXGroup;
			children = (
				A96E4A821C68981B00DC5DF8 /* FMDatabase+InMemoryOnDiskIO.h */,
				A96E4A831C68981B00DC5DF8 /* FMDatabase+InMemoryOnDiskIO.m */,
			);
			path = InMemoryOnDiskIO;
			sourceTree = "<group>";
		};
		A96E4A841C68981B00DC5DF8 /* Swift extensions */ = {
			isa = PBXGroup;
			children = (
			);
			path = "Swift extensions";
			sourceTree = "<group>";
		};
		A96E4A851C68981B00DC5DF8 /* fmdb */ = {
			isa = PBXGroup;
			children = (
				A96E4A861C68981B00DC5DF8 /* FMDatabase.h */,
				A96E4A871C68981B00DC5DF8 /* FMDatabase.m */,
				A96E4A881C68981B00DC5DF8 /* FMDatabaseAdditions.h */,
				A96E4A891C68981B00DC5DF8 /* FMDatabaseAdditions.m */,
				A96E4A8A1C68981B00DC5DF8 /* FMDatabasePool.h */,
				A96E4A8B1C68981B00DC5DF8 /* FMDatabasePool.m */,
				A96E4A8C1C68981B00DC5DF8 /* FMDatabaseQueue.h */,
				A96E4A8D1C68981B00DC5DF8 /* FMDatabaseQueue.m */,
				A96E4A8E1C68981B00DC5DF8 /* FMDB.h */,
				A96E4A8F1C68981B00DC5DF8 /* FMResultSet.h */,
				A96E4A901C68981B00DC5DF8 /* FMResultSet.m */,
			);
			path = fmdb;
			sourceTree = "<group>";
		};
		A96E4AAC1C68DB2B00DC5DF8 /* CommanClasses */ = {
			isa = PBXGroup;
			children = (
				A96E4AAD1C68DB2B00DC5DF8 /* CommanButtonClass.h */,
				A96E4AAE1C68DB2B00DC5DF8 /* CommanButtonClass.m */,
			);
			path = CommanClasses;
			sourceTree = "<group>";
		};
/* End PBXGroup section */

/* Begin PBXNativeTarget section */
		A96E4A331C687F5E00DC5DF8 /* SqliteDemo */ = {
			isa = PBXNativeTarget;
			buildConfigurationList = A96E4A641C687F5E00DC5DF8 /* Build configuration list for PBXNativeTarget "SqliteDemo" */;
			buildPhases = (
				A96E4A301C687F5E00DC5DF8 /* Sources */,
				A96E4A311C687F5E00DC5DF8 /* Frameworks */,
				A96E4A321C687F5E00DC5DF8 /* Resources */,
			);
			buildRules = (
			);
			dependencies = (
			);
			name = SqliteDemo;
			productName = SqliteDemo;
			productReference = A96E4A341C687F5E00DC5DF8 /* SqliteDemo.app */;
			productType = "com.apple.product-type.application";
		};
		A96E4A4F1C687F5E00DC5DF8 /* SqliteDemoTests */ = {
			isa = PBXNativeTarget;
			buildConfigurationList = A96E4A671C687F5E00DC5DF8 /* Build configuration list for PBXNativeTarget "SqliteDemoTests" */;
			buildPhases = (
				A96E4A4C1C687F5E00DC5DF8 /* Sources */,
				A96E4A4D1C687F5E00DC5DF8 /* Frameworks */,
				A96E4A4E1C687F5E00DC5DF8 /* Resources */,
			);
			buildRules = (
			);
			dependencies = (
				A96E4A521C687F5E00DC5DF8 /* PBXTargetDependency */,
			);
			name = SqliteDemoTests;
			productName = SqliteDemoTests;
			productReference = A96E4A501C687F5E00DC5DF8 /* SqliteDemoTests.xctest */;
			productType = "com.apple.product-type.bundle.unit-test";
		};
		A96E4A5A1C687F5E00DC5DF8 /* SqliteDemoUITests */ = {
			isa = PBXNativeTarget;
			buildConfigurationList = A96E4A6A1C687F5E00DC5DF8 /* Build configuration list for PBXNativeTarget "SqliteDemoUITests" */;
			buildPhases = (
				A96E4A571C687F5E00DC5DF8 /* Sources */,
				A96E4A581C687F5E00DC5DF8 /* Frameworks */,
				A96E4A591C687F5E00DC5DF8 /* Resources */,
			);
			buildRules = (
			);
			dependencies = (
				A96E4A5D1C687F5E00DC5DF8 /* PBXTargetDependency */,
			);
			name = SqliteDemoUITests;
			productName = SqliteDemoUITests;
			productReference = A96E4A5B1C687F5E00DC5DF8 /* SqliteDemoUITests.xctest */;
			productType = "com.apple.product-type.bundle.ui-testing";
		};
/* End PBXNativeTarget section */

/* Begin PBXProject section */
		A96E4A2C1C687F5E00DC5DF8 /* Project object */ = {
			isa = PBXProject;
			attributes = {
				LastUpgradeCheck = 0720;
				ORGANIZATIONNAME = indianic;
				TargetAttributes = {
					A96E4A331C687F5E00DC5DF8 = {
						CreatedOnToolsVersion = 7.2;
					};
					A96E4A4F1C687F5E00DC5DF8 = {
						CreatedOnToolsVersion = 7.2;
						TestTargetID = A96E4A331C687F5E00DC5DF8;
					};
					A96E4A5A1C687F5E00DC5DF8 = {
						CreatedOnToolsVersion = 7.2;
						TestTargetID = A96E4A331C687F5E00DC5DF8;
					};
				};
			};
			buildConfigurationList = A96E4A2F1C687F5E00DC5DF8 /* Build configuration list for PBXProject "SqliteDemo" */;
			compatibilityVersion = "Xcode 3.2";
			developmentRegion = English;
			hasScannedForEncodings = 0;
			knownRegions = (
				en,
				Base,
			);
			mainGroup = A96E4A2B1C687F5E00DC5DF8;
			productRefGroup = A96E4A351C687F5E00DC5DF8 /* Products */;
			projectDirPath = "";
			projectRoot = "";
			targets = (
				A96E4A331C687F5E00DC5DF8 /* SqliteDemo */,
				A96E4A4F1C687F5E00DC5DF8 /* SqliteDemoTests */,
				A96E4A5A1C687F5E00DC5DF8 /* SqliteDemoUITests */,
			);
		};
/* End PBXProject section */

/* Begin PBXResourcesBuildPhase section */
		A96E4A321C687F5E00DC5DF8 /* Resources */ = {
			isa = PBXResourcesBuildPhase;
			buildActionMask = 2147483647;
			files = (
				A96E4AA21C68BDCF00DC5DF8 /* BloggingDB.sqlite in Resources */,
				A96E4A4A1C687F5E00DC5DF8 /* LaunchScreen.storyboard in Resources */,
				A96E4A471C687F5E00DC5DF8 /* Assets.xcassets in Resources */,
				A96E4A421C687F5E00DC5DF8 /* Main.storyboard in Resources */,
			);
			runOnlyForDeploymentPostprocessing = 0;
		};
		A96E4A4E1C687F5E00DC5DF8 /* Resources */ = {
			isa = PBXResourcesBuildPhase;
			buildActionMask = 2147483647;
			files = (
			);
			runOnlyForDeploymentPostprocessing = 0;
		};
		A96E4A591C687F5E00DC5DF8 /* Resources */ = {
			isa = PBXResourcesBuildPhase;
			buildActionMask = 2147483647;
			files = (
			);
			runOnlyForDeploymentPostprocessing = 0;
		};
/* End PBXResourcesBuildPhase section */

/* Begin PBXSourcesBuildPhase section */
		A96E4A301C687F5E00DC5DF8 /* Sources */ = {
			isa = PBXSourcesBuildPhase;
			buildActionMask = 2147483647;
			files = (
				A96E4A3F1C687F5E00DC5DF8 /* HomeVC.m in Sources */,
				A96E4AAF1C68DB2B00DC5DF8 /* CommanButtonClass.m in Sources */,
				A96E4A921C68981B00DC5DF8 /* FMTokenizers.m in Sources */,
				A96E4A961C68981B00DC5DF8 /* FMDatabasePool.m in Sources */,
				A96E4A971C68981B00DC5DF8 /* FMDatabaseQueue.m in Sources */,
				A96E4A3C1C687F5E00DC5DF8 /* AppDelegate.m in Sources */,
				A96E4AA51C68C84B00DC5DF8 /* FirstVC.m in Sources */,
				A96E4A721C6893C100DC5DF8 /* LoginVC.m in Sources */,
				A96E4A6F1C6893A800DC5DF8 /* RegisterationVC.m in Sources */,
				A96E4A931C68981B00DC5DF8 /* FMDatabase+InMemoryOnDiskIO.m in Sources */,
				A96E4AA81C68C9DC00DC5DF8 /* NewPostVC.m in Sources */,
				A96E4A981C68981B00DC5DF8 /* FMResultSet.m in Sources */,
				A96E4A451C687F5E00DC5DF8 /* SqliteDemo.xcdatamodeld in Sources */,
				A96E4A391C687F5E00DC5DF8 /* main.m in Sources */,
				A96E4A941C68981B00DC5DF8 /* FMDatabase.m in Sources */,
				A96E4A911C68981B00DC5DF8 /* FMDatabase+FTS3.m in Sources */,
				A96E4A951C68981B00DC5DF8 /* FMDatabaseAdditions.m in Sources */,
			);
			runOnlyForDeploymentPostprocessing = 0;
		};
		A96E4A4C1C687F5E00DC5DF8 /* Sources */ = {
			isa = PBXSourcesBuildPhase;
			buildActionMask = 2147483647;
			files = (
				A96E4A551C687F5E00DC5DF8 /* SqliteDemoTests.m in Sources */,
			);
			runOnlyForDeploymentPostprocessing = 0;
		};
		A96E4A571C687F5E00DC5DF8 /* Sources */ = {
			isa = PBXSourcesBuildPhase;
			buildActionMask = 2147483647;
			files = (
				A96E4A601C687F5E00DC5DF8 /* SqliteDemoUITests.m in Sources */,
			);
			runOnlyForDeploymentPostprocessing = 0;
		};
/* End PBXSourcesBuildPhase section */

/* Begin PBXTargetDependency section */
		A96E4A521C687F5E00DC5DF8 /* PBXTargetDependency */ = {
			isa = PBXTargetDependency;
			target = A96E4A331C687F5E00DC5DF8 /* SqliteDemo */;
			targetProxy = A96E4A511C687F5E00DC5DF8 /* PBXContainerItemProxy */;
		};
		A96E4A5D1C687F5E00DC5DF8 /* PBXTargetDependency */ = {
			isa = PBXTargetDependency;
			target = A96E4A331C687F5E00DC5DF8 /* SqliteDemo */;
			targetProxy = A96E4A5C1C687F5E00DC5DF8 /* PBXContainerItemProxy */;
		};
/* End PBXTargetDependency section */

/* Begin PBXVariantGroup section */
		A96E4A401C687F5E00DC5DF8 /* Main.storyboard */ = {
			isa = PBXVariantGroup;
			children = (
				A96E4A411C687F5E00DC5DF8 /* Base */,
			);
			name = Main.storyboard;
			sourceTree = "<group>";
		};
		A96E4A481C687F5E00DC5DF8 /* LaunchScreen.storyboard */ = {
			isa = PBXVariantGroup;
			children = (
				A96E4A491C687F5E00DC5DF8 /* Base */,
			);
			name = LaunchScreen.storyboard;
			sourceTree = "<group>";
		};
/* End PBXVariantGroup section */

/* Begin XCBuildConfiguration section */
		A96E4A621C687F5E00DC5DF8 /* Debug */ = {
			isa = XCBuildConfiguration;
			buildSettings = {
				ALWAYS_SEARCH_USER_PATHS = NO;
				CLANG_CXX_LANGUAGE_STANDARD = "gnu++0x";
				CLANG_CXX_LIBRARY = "libc++";
				CLANG_ENABLE_MODULES = YES;
				CLANG_ENABLE_OBJC_ARC = YES;
				CLANG_WARN_BOOL_CONVERSION = YES;
				CLANG_WARN_CONSTANT_CONVERSION = YES;
				CLANG_WARN_DIRECT_OBJC_ISA_USAGE = YES_ERROR;
				CLANG_WARN_EMPTY_BODY = YES;
				CLANG_WARN_ENUM_CONVERSION = YES;
				CLANG_WARN_INT_CONVERSION = YES;
				CLANG_WARN_OBJC_ROOT_CLASS = YES_ERROR;
				CLANG_WARN_UNREACHABLE_CODE = YES;
				CLANG_WARN__DUPLICATE_METHOD_MATCH = YES;
				"CODE_SIGN_IDENTITY[sdk=iphoneos*]" = "iPhone Developer";
				COPY_PHASE_STRIP = NO;
				DEBUG_INFORMATION_FORMAT = dwarf;
				ENABLE_STRICT_OBJC_MSGSEND = YES;
				ENABLE_TESTABILITY = YES;
				GCC_C_LANGUAGE_STANDARD = gnu99;
				GCC_DYNAMIC_NO_PIC = NO;
				GCC_NO_COMMON_BLOCKS = YES;
				GCC_OPTIMIZATION_LEVEL = 0;
				GCC_PREPROCESSOR_DEFINITIONS = (
					"DEBUG=1",
					"$(inherited)",
				);
				GCC_WARN_64_TO_32_BIT_CONVERSION = YES;
				GCC_WARN_ABOUT_RETURN_TYPE = YES_ERROR;
				GCC_WARN_UNDECLARED_SELECTOR = YES;
				GCC_WARN_UNINITIALIZED_AUTOS = YES_AGGRESSIVE;
				GCC_WARN_UNUSED_FUNCTION = YES;
				GCC_WARN_UNUSED_VARIABLE = YES;
				IPHONEOS_DEPLOYMENT_TARGET = 9.2;
				MTL_ENABLE_DEBUG_INFO = YES;
				ONLY_ACTIVE_ARCH = YES;
				SDKROOT = iphoneos;
			};
			name = Debug;
		};
		A96E4A631C687F5E00DC5DF8 /* Release */ = {
			isa = XCBuildConfiguration;
			buildSettings = {
				ALWAYS_SEARCH_USER_PATHS = NO;
				CLANG_CXX_LANGUAGE_STANDARD = "gnu++0x";
				CLANG_CXX_LIBRARY = "libc++";
				CLANG_ENABLE_MODULES = YES;
				CLANG_ENABLE_OBJC_ARC = YES;
				CLANG_WARN_BOOL_CONVERSION = YES;
				CLANG_WARN_CONSTANT_CONVERSION = YES;
				CLANG_WARN_DIRECT_OBJC_ISA_USAGE = YES_ERROR;
				CLANG_WARN_EMPTY_BODY = YES;
				CLANG_WARN_ENUM_CONVERSION = YES;
				CLANG_WARN_INT_CONVERSION = YES;
				CLANG_WARN_OBJC_ROOT_CLASS = YES_ERROR;
				CLANG_WARN_UNREACHABLE_CODE = YES;
				CLANG_WARN__DUPLICATE_METHOD_MATCH = YES;
				"CODE_SIGN_IDENTITY[sdk=iphoneos*]" = "iPhone Developer";
				COPY_PHASE_STRIP = NO;
				DEBUG_INFORMATION_FORMAT = "dwarf-with-dsym";
				ENABLE_NS_ASSERTIONS = NO;
				ENABLE_STRICT_OBJC_MSGSEND = YES;
				GCC_C_LANGUAGE_STANDARD = gnu99;
				GCC_NO_COMMON_BLOCKS = YES;
				GCC_WARN_64_TO_32_BIT_CONVERSION = YES;
				GCC_WARN_ABOUT_RETURN_TYPE = YES_ERROR;
				GCC_WARN_UNDECLARED_SELECTOR = YES;
				GCC_WARN_UNINITIALIZED_AUTOS = YES_AGGRESSIVE;
				GCC_WARN_UNUSED_FUNCTION = YES;
				GCC_WARN_UNUSED_VARIABLE = YES;
				IPHONEOS_DEPLOYMENT_TARGET = 9.2;
				MTL_ENABLE_DEBUG_INFO = NO;
				SDKROOT = iphoneos;
				VALIDATE_PRODUCT = YES;
			};
			name = Release;
		};
		A96E4A651C687F5E00DC5DF8 /* Debug */ = {
			isa = XCBuildConfiguration;
			buildSettings = {
				ASSETCATALOG_COMPILER_APPICON_NAME = AppIcon;
				INFOPLIST_FILE = SqliteDemo/Info.plist;
				LD_RUNPATH_SEARCH_PATHS = "$(inherited) @executable_path/Frameworks";
				PRODUCT_BUNDLE_IDENTIFIER = com.indianic.SqliteDemo;
				PRODUCT_NAME = "$(TARGET_NAME)";
			};
			name = Debug;
		};
		A96E4A661C687F5E00DC5DF8 /* Release */ = {
			isa = XCBuildConfiguration;
			buildSettings = {
				ASSETCATALOG_COMPILER_APPICON_NAME = AppIcon;
				INFOPLIST_FILE = SqliteDemo/Info.plist;
				LD_RUNPATH_SEARCH_PATHS = "$(inherited) @executable_path/Frameworks";
				PRODUCT_BUNDLE_IDENTIFIER = com.indianic.SqliteDemo;
				PRODUCT_NAME = "$(TARGET_NAME)";
			};
			name = Release;
		};
		A96E4A681C687F5E00DC5DF8 /* Debug */ = {
			isa = XCBuildConfiguration;
			buildSettings = {
				BUNDLE_LOADER = "$(TEST_HOST)";
				INFOPLIST_FILE = SqliteDemoTests/Info.plist;
				LD_RUNPATH_SEARCH_PATHS = "$(inherited) @executable_path/Frameworks @loader_path/Frameworks";
				PRODUCT_BUNDLE_IDENTIFIER = com.indianic.SqliteDemoTests;
				PRODUCT_NAME = "$(TARGET_NAME)";
				TEST_HOST = "$(BUILT_PRODUCTS_DIR)/SqliteDemo.app/SqliteDemo";
			};
			name = Debug;
		};
		A96E4A691C687F5E00DC5DF8 /* Release */ = {
			isa = XCBuildConfiguration;
			buildSettings = {
				BUNDLE_LOADER = "$(TEST_HOST)";
				INFOPLIST_FILE = SqliteDemoTests/Info.plist;
				LD_RUNPATH_SEARCH_PATHS = "$(inherited) @executable_path/Frameworks @loader_path/Frameworks";
				PRODUCT_BUNDLE_IDENTIFIER = com.indianic.SqliteDemoTests;
				PRODUCT_NAME = "$(TARGET_NAME)";
				TEST_HOST = "$(BUILT_PRODUCTS_DIR)/SqliteDemo.app/SqliteDemo";
			};
			name = Release;
		};
		A96E4A6B1C687F5E00DC5DF8 /* Debug */ = {
			isa = XCBuildConfiguration;
			buildSettings = {
				INFOPLIST_FILE = SqliteDemoUITests/Info.plist;
				LD_RUNPATH_SEARCH_PATHS = "$(inherited) @executable_path/Frameworks @loader_path/Frameworks";
				PRODUCT_BUNDLE_IDENTIFIER = com.indianic.SqliteDemoUITests;
				PRODUCT_NAME = "$(TARGET_NAME)";
				TEST_TARGET_NAME = SqliteDemo;
				USES_XCTRUNNER = YES;
			};
			name = Debug;
		};
		A96E4A6C1C687F5E00DC5DF8 /* Release */ = {
			isa = XCBuildConfiguration;
			buildSettings = {
				INFOPLIST_FILE = SqliteDemoUITests/Info.plist;
				LD_RUNPATH_SEARCH_PATHS = "$(inherited) @executable_path/Frameworks @loader_path/Frameworks";
				PRODUCT_BUNDLE_IDENTIFIER = com.indianic.SqliteDemoUITests;
				PRODUCT_NAME = "$(TARGET_NAME)";
				TEST_TARGET_NAME = SqliteDemo;
				USES_XCTRUNNER = YES;
			};
			name = Release;
		};
/* End XCBuildConfiguration section */

/* Begin XCConfigurationList section */
		A96E4A2F1C687F5E00DC5DF8 /* Build configuration list for PBXProject "SqliteDemo" */ = {
			isa = XCConfigurationList;
			buildConfigurations = (
				A96E4A621C687F5E00DC5DF8 /* Debug */,
				A96E4A631C687F5E00DC5DF8 /* Release */,
			);
			defaultConfigurationIsVisible = 0;
			defaultConfigurationName = Release;
		};
		A96E4A641C687F5E00DC5DF8 /* Build configuration list for PBXNativeTarget "SqliteDemo" */ = {
			isa = XCConfigurationList;
			buildConfigurations = (
				A96E4A651C687F5E00DC5DF8 /* Debug */,
				A96E4A661C687F5E00DC5DF8 /* Release */,
			);
			defaultConfigurationIsVisible = 0;
			defaultConfigurationName = Release;
		};
		A96E4A671C687F5E00DC5DF8 /* Build configuration list for PBXNativeTarget "SqliteDemoTests" */ = {
			isa = XCConfigurationList;
			buildConfigurations = (
				A96E4A681C687F5E00DC5DF8 /* Debug */,
				A96E4A691C687F5E00DC5DF8 /* Release */,
			);
			defaultConfigurationIsVisible = 0;
			defaultConfigurationName = Release;
		};
		A96E4A6A1C687F5E00DC5DF8 /* Build configuration list for PBXNativeTarget "SqliteDemoUITests" */ = {
			isa = XCConfigurationList;
			buildConfigurations = (
				A96E4A6B1C687F5E00DC5DF8 /* Debug */,
				A96E4A6C1C687F5E00DC5DF8 /* Release */,
			);
			defaultConfigurationIsVisible = 0;
			defaultConfigurationName = Release;
		};
/* End XCConfigurationList section */

/* Begin XCVersionGroup section */
		A96E4A431C687F5E00DC5DF8 /* SqliteDemo.xcdatamodeld */ = {
			isa = XCVersionGroup;
			children = (
				A96E4A441C687F5E00DC5DF8 /* SqliteDemo.xcdatamodel */,
			);
			currentVersion = A96E4A441C687F5E00DC5DF8 /* SqliteDemo.xcdatamodel */;
			path = SqliteDemo.xcdatamodeld;
			sourceTree = "<group>";
			versionGroupType = wrapper.xcdatamodel;
		};
/* End XCVersionGroup section */
	};
	rootObject = A96E4A2C1C687F5E00DC5DF8 /* Project object */;
}
